// !$*UTF8*$!
{
	archiveVersion = 1;
	classes = {
	};
	objectVersion = 54;
	objects = {

/* Begin PBXBuildFile section */
		00E356F31AD99517003FC87E /* DeckWordTests.m in Sources */ = {isa = PBXBuildFile; fileRef = 00E356F21AD99517003FC87E /* DeckWordTests.m */; };
		1366385BD9685BB7AE9B882F /* libPods-DeckWord.a in Frameworks */ = {isa = PBXBuildFile; fileRef = 3421A51B67F43D9336D7D318 /* libPods-DeckWord.a */; };
		13B07FBC1A68108700A75B9A /* AppDelegate.m in Sources */ = {isa = PBXBuildFile; fileRef = 13B07FB01A68108700A75B9A /* AppDelegate.m */; };
		13B07FBF1A68108700A75B9A /* Images.xcassets in Resources */ = {isa = PBXBuildFile; fileRef = 13B07FB51A68108700A75B9A /* Images.xcassets */; };
		13B07FC11A68108700A75B9A /* main.m in Sources */ = {isa = PBXBuildFile; fileRef = 13B07FB71A68108700A75B9A /* main.m */; };
		3167637B7225057D27002B20 /* libPods-DeckWord-DeckWordTests.a in Frameworks */ = {isa = PBXBuildFile; fileRef = BBB257013EAA4703E01BF401 /* libPods-DeckWord-DeckWordTests.a */; };
		81AB9BB82411601600AC10FF /* LaunchScreen.storyboard in Resources */ = {isa = PBXBuildFile; fileRef = 81AB9BB72411601600AC10FF /* LaunchScreen.storyboard */; };
		3E085B8C90D14ACF8DA9444F /* Kanit-Black.ttf in Resources */ = {isa = PBXBuildFile; fileRef = 17FE0747F7C14652B583CFBF /* Kanit-Black.ttf */; };
		2836200DDA21494489232220 /* Kanit-BlackItalic.ttf in Resources */ = {isa = PBXBuildFile; fileRef = 71BF2E3C83F7449C83C0DBC3 /* Kanit-BlackItalic.ttf */; };
		A96D4C4CE8854555A0BB07DF /* Kanit-Bold.ttf in Resources */ = {isa = PBXBuildFile; fileRef = 5ABCC2CD47C14A9B9D9AC7DF /* Kanit-Bold.ttf */; };
		A23012F86CD5476684732814 /* Kanit-BoldItalic.ttf in Resources */ = {isa = PBXBuildFile; fileRef = D70337E2B66340C09503E67E /* Kanit-BoldItalic.ttf */; };
		447FC3A99041469D97EE555F /* Kanit-ExtraBold.ttf in Resources */ = {isa = PBXBuildFile; fileRef = B02EB37847964D6294A7DE2F /* Kanit-ExtraBold.ttf */; };
		04F5C8BADA994333BED41F49 /* Kanit-ExtraBoldItalic.ttf in Resources */ = {isa = PBXBuildFile; fileRef = BE3C306714D348A08C93F055 /* Kanit-ExtraBoldItalic.ttf */; };
		479FF177F67E452881F40632 /* Kanit-ExtraLight.ttf in Resources */ = {isa = PBXBuildFile; fileRef = E1980953F6E941469B081504 /* Kanit-ExtraLight.ttf */; };
		6789DE856178430CB09BBA3C /* Kanit-ExtraLightItalic.ttf in Resources */ = {isa = PBXBuildFile; fileRef = 16C048C8B201493B80CFF4CA /* Kanit-ExtraLightItalic.ttf */; };
		4D97A283C5E94CC1A218ED16 /* Kanit-Italic.ttf in Resources */ = {isa = PBXBuildFile; fileRef = 84B99805592546A0B36CF520 /* Kanit-Italic.ttf */; };
		69CFC0EF8CEC4A6D913463EB /* Kanit-Light.ttf in Resources */ = {isa = PBXBuildFile; fileRef = 46BF3483F8774C11BB7573ED /* Kanit-Light.ttf */; };
		1E10D3AAF2994CAF84091B52 /* Kanit-LightItalic.ttf in Resources */ = {isa = PBXBuildFile; fileRef = F6427F37B244470291D79B4A /* Kanit-LightItalic.ttf */; };
		41D1B323D6624073B27A9A6F /* Kanit-Medium.ttf in Resources */ = {isa = PBXBuildFile; fileRef = F91DB4DCE899424D90F1857C /* Kanit-Medium.ttf */; };
		F5224E9A60E943609C63F608 /* Kanit-MediumItalic.ttf in Resources */ = {isa = PBXBuildFile; fileRef = 960D60DC1F6041BDA2506118 /* Kanit-MediumItalic.ttf */; };
		3C9A3BBF484646AEBA9BB0C6 /* Kanit-Regular.ttf in Resources */ = {isa = PBXBuildFile; fileRef = A6FB74D788C44945A890B271 /* Kanit-Regular.ttf */; };
		D150B01F44134635805605D5 /* Kanit-SemiBold.ttf in Resources */ = {isa = PBXBuildFile; fileRef = 7C2980209DA548F899B28512 /* Kanit-SemiBold.ttf */; };
		BADA30771B5D4C909FB5AF60 /* Kanit-SemiBoldItalic.ttf in Resources */ = {isa = PBXBuildFile; fileRef = 8E896D65D2594C5589345B69 /* Kanit-SemiBoldItalic.ttf */; };
		8E8059EFD809402595C94DC8 /* Kanit-Thin.ttf in Resources */ = {isa = PBXBuildFile; fileRef = B6517E5D247944B8AFCB8562 /* Kanit-Thin.ttf */; };
		B995E6EBEEB74532B10F59B7 /* Kanit-ThinItalic.ttf in Resources */ = {isa = PBXBuildFile; fileRef = DFD6E7EE53A24E4A8D3F12F1 /* Kanit-ThinItalic.ttf */; };
		5345B8E022184EF5B2F069C4 /* NotoSansThai-Black.ttf in Resources */ = {isa = PBXBuildFile; fileRef = 109D77BC528B4759AB610AF6 /* NotoSansThai-Black.ttf */; };
		BEE404B8254945F7BF4B0A24 /* NotoSansThai-BlackItalic.ttf in Resources */ = {isa = PBXBuildFile; fileRef = AF9879F899EF4D59A7D32B42 /* NotoSansThai-BlackItalic.ttf */; };
		93AE83CD1C5846358FFFCFF9 /* NotoSansThai-Bold.ttf in Resources */ = {isa = PBXBuildFile; fileRef = 21BA3CA903A447979C857E0B /* NotoSansThai-Bold.ttf */; };
		DB3642227198407CAB69C55B /* NotoSansThai-BoldItalic.ttf in Resources */ = {isa = PBXBuildFile; fileRef = 079D755F00184F98BF9D9183 /* NotoSansThai-BoldItalic.ttf */; };
		11BB30A43CEC4FDAA57170DC /* NotoSansThai-ExtraBold.ttf in Resources */ = {isa = PBXBuildFile; fileRef = 2E8CFCDE91894080A25AD526 /* NotoSansThai-ExtraBold.ttf */; };
		16ECCE060C404884B1638D82 /* NotoSansThai-ExtraBoldItalic.ttf in Resources */ = {isa = PBXBuildFile; fileRef = DC5D96CAC71C4A9189D82E63 /* NotoSansThai-ExtraBoldItalic.ttf */; };
		EC21E0AE1169482FBB0F21BB /* NotoSansThai-ExtraLight.ttf in Resources */ = {isa = PBXBuildFile; fileRef = CB479F075CF043EDBF9B298D /* NotoSansThai-ExtraLight.ttf */; };
		4D4D93011D7E42B0962D1184 /* NotoSansThai-ExtraLightItalic.ttf in Resources */ = {isa = PBXBuildFile; fileRef = 37FDE627D9F841B5A758EF70 /* NotoSansThai-ExtraLightItalic.ttf */; };
		ECC3C959E16F4412AE4DEECB /* NotoSansThai-Italic.ttf in Resources */ = {isa = PBXBuildFile; fileRef = 29FB68B10DA64DFE83193093 /* NotoSansThai-Italic.ttf */; };
		18AB4531B4414FEAB476AB04 /* NotoSansThai-Light.ttf in Resources */ = {isa = PBXBuildFile; fileRef = 55345BABA8D8476C9D47A339 /* NotoSansThai-Light.ttf */; };
		EA7DE867C5FC4EA7B1333C00 /* NotoSansThai-LightItalic.ttf in Resources */ = {isa = PBXBuildFile; fileRef = 13139259B5034EC48779D231 /* NotoSansThai-LightItalic.ttf */; };
		E4BBD077678C45F78F36DCAB /* NotoSansThai-Medium.ttf in Resources */ = {isa = PBXBuildFile; fileRef = 06036E4312CA4EC295099CBB /* NotoSansThai-Medium.ttf */; };
		861B68B98CAD4F82AA3A3D9D /* NotoSansThai-MediumItalic.ttf in Resources */ = {isa = PBXBuildFile; fileRef = C769C2ED29374CB8B9F08D41 /* NotoSansThai-MediumItalic.ttf */; };
		CB4FBF4360E04E32B587746C /* NotoSansThai-Regular.ttf in Resources */ = {isa = PBXBuildFile; fileRef = AFD5FFB972C9478883028F6B /* NotoSansThai-Regular.ttf */; };
		5C086D3E44DB4E5EA1C4037B /* NotoSansThai-SemiBold.ttf in Resources */ = {isa = PBXBuildFile; fileRef = 2464E1285DA44A72BEC17649 /* NotoSansThai-SemiBold.ttf */; };
		B19BF3A5B13D4BFAB586D9D6 /* NotoSansThai-SemiBoldItalic.ttf in Resources */ = {isa = PBXBuildFile; fileRef = 5070A06BF2074564AEF48E78 /* NotoSansThai-SemiBoldItalic.ttf */; };
		7930D3DEDD6548B0A34565D9 /* NotoSansThai-Thin.ttf in Resources */ = {isa = PBXBuildFile; fileRef = BDE29FD220CD4731878B8189 /* NotoSansThai-Thin.ttf */; };
		F6CBCE1A080F4578B877E556 /* NotoSansThai-ThinItalic.ttf in Resources */ = {isa = PBXBuildFile; fileRef = E3DCCCD36AF549D8B42AD156 /* NotoSansThai-ThinItalic.ttf */; };
		5B940CE81C684968A137CCAC /* Mitr-Bold.ttf in Resources */ = {isa = PBXBuildFile; fileRef = 45077116BC8C4A5C905B799B /* Mitr-Bold.ttf */; };
		6FB58AF0208F47C79777ECF9 /* Mitr-ExtraLight.ttf in Resources */ = {isa = PBXBuildFile; fileRef = 9DDD0902F67A46099AD6F69F /* Mitr-ExtraLight.ttf */; };
		C12019A37568456285C11FF0 /* Mitr-Light.ttf in Resources */ = {isa = PBXBuildFile; fileRef = B63EBA0C50164360845A9F54 /* Mitr-Light.ttf */; };
		835811F3418744099CFC6E14 /* Mitr-Medium.ttf in Resources */ = {isa = PBXBuildFile; fileRef = DAFD2975FC254D1E8C16A6E0 /* Mitr-Medium.ttf */; };
		FE4AD3DFC92B476CA5FFFAC8 /* Mitr-Regular.ttf in Resources */ = {isa = PBXBuildFile; fileRef = B0DF0212C5CF4583A3264EF2 /* Mitr-Regular.ttf */; };
		8A2924B799DB4E7393CF0F30 /* Mitr-SemiBold.ttf in Resources */ = {isa = PBXBuildFile; fileRef = 3932AD02C2EB4330B5E987BF /* Mitr-SemiBold.ttf */; };
		F081918FE7D24640906E46A2 /* Prompt-Black.ttf in Resources */ = {isa = PBXBuildFile; fileRef = 23BB366BF1264971A739F075 /* Prompt-Black.ttf */; };
		797E421EC6C0491E9EA5B097 /* Prompt-BlackItalic.ttf in Resources */ = {isa = PBXBuildFile; fileRef = 42C772320166425DA0FDE55B /* Prompt-BlackItalic.ttf */; };
		B57325790203443090E1DAA0 /* Prompt-Bold.ttf in Resources */ = {isa = PBXBuildFile; fileRef = 2582319D6126459984FCDAAF /* Prompt-Bold.ttf */; };
		3B58EE871594490383DCC02F /* Prompt-BoldItalic.ttf in Resources */ = {isa = PBXBuildFile; fileRef = CF573EB2EF5245CD91C80787 /* Prompt-BoldItalic.ttf */; };
		476A878E96924936966A9247 /* Prompt-ExtraBold.ttf in Resources */ = {isa = PBXBuildFile; fileRef = 98D7068290E1476B9B9069C5 /* Prompt-ExtraBold.ttf */; };
		9958B3FECAF249B38D8531F9 /* Prompt-ExtraBoldItalic.ttf in Resources */ = {isa = PBXBuildFile; fileRef = 506B9DE76CCF4496A209C84C /* Prompt-ExtraBoldItalic.ttf */; };
		D53BB854B0A4461E93CDB5AE /* Prompt-ExtraLight.ttf in Resources */ = {isa = PBXBuildFile; fileRef = AE8C4F056F514446837F2D50 /* Prompt-ExtraLight.ttf */; };
		12BF891D8AB24F98A9F12BA7 /* Prompt-ExtraLightItalic.ttf in Resources */ = {isa = PBXBuildFile; fileRef = 14682BBCEF0643A187181371 /* Prompt-ExtraLightItalic.ttf */; };
		0E8E6296CBC348B686367F07 /* Prompt-Italic.ttf in Resources */ = {isa = PBXBuildFile; fileRef = CE26BE1922BD47F8BEF97106 /* Prompt-Italic.ttf */; };
		A1C53CF34D504068ABB68285 /* Prompt-Light.ttf in Resources */ = {isa = PBXBuildFile; fileRef = 79747864182F49999056B68F /* Prompt-Light.ttf */; };
		B271CF4D1A6A4BBBBEC79A7B /* Prompt-LightItalic.ttf in Resources */ = {isa = PBXBuildFile; fileRef = 6DFAF1CD585A4D7A854CF4F0 /* Prompt-LightItalic.ttf */; };
		F2BD1BE37B0F41E5A0B97710 /* Prompt-Medium.ttf in Resources */ = {isa = PBXBuildFile; fileRef = AF4456838A924DE0A44FCBF4 /* Prompt-Medium.ttf */; };
		099F963FDA0445EC8B2AD594 /* Prompt-MediumItalic.ttf in Resources */ = {isa = PBXBuildFile; fileRef = 4EBBF7EB06BB485782663B90 /* Prompt-MediumItalic.ttf */; };
		54299DAE585949FAB1CA549D /* Prompt-Regular.ttf in Resources */ = {isa = PBXBuildFile; fileRef = C7B4FD568F914D569E1DF003 /* Prompt-Regular.ttf */; };
		2BF7BF1493664BEDBC61A823 /* Prompt-SemiBold.ttf in Resources */ = {isa = PBXBuildFile; fileRef = 179E329AD6524502A6A0D33F /* Prompt-SemiBold.ttf */; };
		4A117EED40F64ADE9BBC033B /* Prompt-SemiBoldItalic.ttf in Resources */ = {isa = PBXBuildFile; fileRef = C7F9BC7396E94A94B9D32FD2 /* Prompt-SemiBoldItalic.ttf */; };
		1C331DE7D7C14488836082FA /* Prompt-Thin.ttf in Resources */ = {isa = PBXBuildFile; fileRef = 7832CC4514104155A4C4AD8D /* Prompt-Thin.ttf */; };
		D82E400CD7114A17BD2B6541 /* Prompt-ThinItalic.ttf in Resources */ = {isa = PBXBuildFile; fileRef = 3004DCD1CA234D49AA99914D /* Prompt-ThinItalic.ttf */; };
/* End PBXBuildFile section */

/* Begin PBXContainerItemProxy section */
		00E356F41AD99517003FC87E /* PBXContainerItemProxy */ = {
			isa = PBXContainerItemProxy;
			containerPortal = 83CBB9F71A601CBA00E9B192 /* Project object */;
			proxyType = 1;
			remoteGlobalIDString = 13B07F861A680F5B00A75B9A;
			remoteInfo = DeckWord;
		};
/* End PBXContainerItemProxy section */

/* Begin PBXFileReference section */
		00E356EE1AD99517003FC87E /* DeckWordTests.xctest */ = {isa = PBXFileReference; explicitFileType = wrapper.cfbundle; includeInIndex = 0; path = DeckWordTests.xctest; sourceTree = BUILT_PRODUCTS_DIR; };
		00E356F11AD99517003FC87E /* Info.plist */ = {isa = PBXFileReference; lastKnownFileType = text.plist.xml; path = Info.plist; sourceTree = "<group>"; };
		00E356F21AD99517003FC87E /* DeckWordTests.m */ = {isa = PBXFileReference; lastKnownFileType = sourcecode.c.objc; path = DeckWordTests.m; sourceTree = "<group>"; };
		13B07F961A680F5B00A75B9A /* DeckWord.app */ = {isa = PBXFileReference; explicitFileType = wrapper.application; includeInIndex = 0; path = DeckWord.app; sourceTree = BUILT_PRODUCTS_DIR; };
		13B07FAF1A68108700A75B9A /* AppDelegate.h */ = {isa = PBXFileReference; fileEncoding = 4; lastKnownFileType = sourcecode.c.h; name = AppDelegate.h; path = DeckWord/AppDelegate.h; sourceTree = "<group>"; };
		13B07FB01A68108700A75B9A /* AppDelegate.m */ = {isa = PBXFileReference; fileEncoding = 4; lastKnownFileType = sourcecode.c.objc; name = AppDelegate.m; path = DeckWord/AppDelegate.m; sourceTree = "<group>"; };
		13B07FB51A68108700A75B9A /* Images.xcassets */ = {isa = PBXFileReference; lastKnownFileType = folder.assetcatalog; name = Images.xcassets; path = DeckWord/Images.xcassets; sourceTree = "<group>"; };
		13B07FB61A68108700A75B9A /* Info.plist */ = {isa = PBXFileReference; fileEncoding = 4; lastKnownFileType = text.plist.xml; name = Info.plist; path = DeckWord/Info.plist; sourceTree = "<group>"; };
		13B07FB71A68108700A75B9A /* main.m */ = {isa = PBXFileReference; fileEncoding = 4; lastKnownFileType = sourcecode.c.objc; name = main.m; path = DeckWord/main.m; sourceTree = "<group>"; };
		3421A51B67F43D9336D7D318 /* libPods-DeckWord.a */ = {isa = PBXFileReference; explicitFileType = archive.ar; includeInIndex = 0; path = "libPods-DeckWord.a"; sourceTree = BUILT_PRODUCTS_DIR; };
		5B859AAFBC5709131A52C2DF /* Pods-DeckWord.debug.xcconfig */ = {isa = PBXFileReference; includeInIndex = 1; lastKnownFileType = text.xcconfig; name = "Pods-DeckWord.debug.xcconfig"; path = "Target Support Files/Pods-DeckWord/Pods-DeckWord.debug.xcconfig"; sourceTree = "<group>"; };
		81AB9BB72411601600AC10FF /* LaunchScreen.storyboard */ = {isa = PBXFileReference; fileEncoding = 4; lastKnownFileType = file.storyboard; name = LaunchScreen.storyboard; path = DeckWord/LaunchScreen.storyboard; sourceTree = "<group>"; };
		BBB257013EAA4703E01BF401 /* libPods-DeckWord-DeckWordTests.a */ = {isa = PBXFileReference; explicitFileType = archive.ar; includeInIndex = 0; path = "libPods-DeckWord-DeckWordTests.a"; sourceTree = BUILT_PRODUCTS_DIR; };
		BC773EE98A50F87246B0D807 /* Pods-DeckWord.release.xcconfig */ = {isa = PBXFileReference; includeInIndex = 1; lastKnownFileType = text.xcconfig; name = "Pods-DeckWord.release.xcconfig"; path = "Target Support Files/Pods-DeckWord/Pods-DeckWord.release.xcconfig"; sourceTree = "<group>"; };
		C6B955E4987E70AADC80A7D6 /* Pods-DeckWord-DeckWordTests.debug.xcconfig */ = {isa = PBXFileReference; includeInIndex = 1; lastKnownFileType = text.xcconfig; name = "Pods-DeckWord-DeckWordTests.debug.xcconfig"; path = "Target Support Files/Pods-DeckWord-DeckWordTests/Pods-DeckWord-DeckWordTests.debug.xcconfig"; sourceTree = "<group>"; };
		E9E9355A1C4A00D99BD629CB /* Pods-DeckWord-DeckWordTests.release.xcconfig */ = {isa = PBXFileReference; includeInIndex = 1; lastKnownFileType = text.xcconfig; name = "Pods-DeckWord-DeckWordTests.release.xcconfig"; path = "Target Support Files/Pods-DeckWord-DeckWordTests/Pods-DeckWord-DeckWordTests.release.xcconfig"; sourceTree = "<group>"; };
		ED297162215061F000B7C4FE /* JavaScriptCore.framework */ = {isa = PBXFileReference; lastKnownFileType = wrapper.framework; name = JavaScriptCore.framework; path = System/Library/Frameworks/JavaScriptCore.framework; sourceTree = SDKROOT; };
		17FE0747F7C14652B583CFBF /* Kanit-Black.ttf */ = {isa = PBXFileReference; name = "Kanit-Black.ttf"; path = "../src/assets/fonts/Kanit-Black.ttf"; sourceTree = "<group>"; fileEncoding = undefined; lastKnownFileType = unknown; explicitFileType = undefined; includeInIndex = 0; };
		71BF2E3C83F7449C83C0DBC3 /* Kanit-BlackItalic.ttf */ = {isa = PBXFileReference; name = "Kanit-BlackItalic.ttf"; path = "../src/assets/fonts/Kanit-BlackItalic.ttf"; sourceTree = "<group>"; fileEncoding = undefined; lastKnownFileType = unknown; explicitFileType = undefined; includeInIndex = 0; };
		5ABCC2CD47C14A9B9D9AC7DF /* Kanit-Bold.ttf */ = {isa = PBXFileReference; name = "Kanit-Bold.ttf"; path = "../src/assets/fonts/Kanit-Bold.ttf"; sourceTree = "<group>"; fileEncoding = undefined; lastKnownFileType = unknown; explicitFileType = undefined; includeInIndex = 0; };
		D70337E2B66340C09503E67E /* Kanit-BoldItalic.ttf */ = {isa = PBXFileReference; name = "Kanit-BoldItalic.ttf"; path = "../src/assets/fonts/Kanit-BoldItalic.ttf"; sourceTree = "<group>"; fileEncoding = undefined; lastKnownFileType = unknown; explicitFileType = undefined; includeInIndex = 0; };
		B02EB37847964D6294A7DE2F /* Kanit-ExtraBold.ttf */ = {isa = PBXFileReference; name = "Kanit-ExtraBold.ttf"; path = "../src/assets/fonts/Kanit-ExtraBold.ttf"; sourceTree = "<group>"; fileEncoding = undefined; lastKnownFileType = unknown; explicitFileType = undefined; includeInIndex = 0; };
		BE3C306714D348A08C93F055 /* Kanit-ExtraBoldItalic.ttf */ = {isa = PBXFileReference; name = "Kanit-ExtraBoldItalic.ttf"; path = "../src/assets/fonts/Kanit-ExtraBoldItalic.ttf"; sourceTree = "<group>"; fileEncoding = undefined; lastKnownFileType = unknown; explicitFileType = undefined; includeInIndex = 0; };
		E1980953F6E941469B081504 /* Kanit-ExtraLight.ttf */ = {isa = PBXFileReference; name = "Kanit-ExtraLight.ttf"; path = "../src/assets/fonts/Kanit-ExtraLight.ttf"; sourceTree = "<group>"; fileEncoding = undefined; lastKnownFileType = unknown; explicitFileType = undefined; includeInIndex = 0; };
		16C048C8B201493B80CFF4CA /* Kanit-ExtraLightItalic.ttf */ = {isa = PBXFileReference; name = "Kanit-ExtraLightItalic.ttf"; path = "../src/assets/fonts/Kanit-ExtraLightItalic.ttf"; sourceTree = "<group>"; fileEncoding = undefined; lastKnownFileType = unknown; explicitFileType = undefined; includeInIndex = 0; };
		84B99805592546A0B36CF520 /* Kanit-Italic.ttf */ = {isa = PBXFileReference; name = "Kanit-Italic.ttf"; path = "../src/assets/fonts/Kanit-Italic.ttf"; sourceTree = "<group>"; fileEncoding = undefined; lastKnownFileType = unknown; explicitFileType = undefined; includeInIndex = 0; };
		46BF3483F8774C11BB7573ED /* Kanit-Light.ttf */ = {isa = PBXFileReference; name = "Kanit-Light.ttf"; path = "../src/assets/fonts/Kanit-Light.ttf"; sourceTree = "<group>"; fileEncoding = undefined; lastKnownFileType = unknown; explicitFileType = undefined; includeInIndex = 0; };
		F6427F37B244470291D79B4A /* Kanit-LightItalic.ttf */ = {isa = PBXFileReference; name = "Kanit-LightItalic.ttf"; path = "../src/assets/fonts/Kanit-LightItalic.ttf"; sourceTree = "<group>"; fileEncoding = undefined; lastKnownFileType = unknown; explicitFileType = undefined; includeInIndex = 0; };
		F91DB4DCE899424D90F1857C /* Kanit-Medium.ttf */ = {isa = PBXFileReference; name = "Kanit-Medium.ttf"; path = "../src/assets/fonts/Kanit-Medium.ttf"; sourceTree = "<group>"; fileEncoding = undefined; lastKnownFileType = unknown; explicitFileType = undefined; includeInIndex = 0; };
		960D60DC1F6041BDA2506118 /* Kanit-MediumItalic.ttf */ = {isa = PBXFileReference; name = "Kanit-MediumItalic.ttf"; path = "../src/assets/fonts/Kanit-MediumItalic.ttf"; sourceTree = "<group>"; fileEncoding = undefined; lastKnownFileType = unknown; explicitFileType = undefined; includeInIndex = 0; };
		A6FB74D788C44945A890B271 /* Kanit-Regular.ttf */ = {isa = PBXFileReference; name = "Kanit-Regular.ttf"; path = "../src/assets/fonts/Kanit-Regular.ttf"; sourceTree = "<group>"; fileEncoding = undefined; lastKnownFileType = unknown; explicitFileType = undefined; includeInIndex = 0; };
		7C2980209DA548F899B28512 /* Kanit-SemiBold.ttf */ = {isa = PBXFileReference; name = "Kanit-SemiBold.ttf"; path = "../src/assets/fonts/Kanit-SemiBold.ttf"; sourceTree = "<group>"; fileEncoding = undefined; lastKnownFileType = unknown; explicitFileType = undefined; includeInIndex = 0; };
		8E896D65D2594C5589345B69 /* Kanit-SemiBoldItalic.ttf */ = {isa = PBXFileReference; name = "Kanit-SemiBoldItalic.ttf"; path = "../src/assets/fonts/Kanit-SemiBoldItalic.ttf"; sourceTree = "<group>"; fileEncoding = undefined; lastKnownFileType = unknown; explicitFileType = undefined; includeInIndex = 0; };
		B6517E5D247944B8AFCB8562 /* Kanit-Thin.ttf */ = {isa = PBXFileReference; name = "Kanit-Thin.ttf"; path = "../src/assets/fonts/Kanit-Thin.ttf"; sourceTree = "<group>"; fileEncoding = undefined; lastKnownFileType = unknown; explicitFileType = undefined; includeInIndex = 0; };
		DFD6E7EE53A24E4A8D3F12F1 /* Kanit-ThinItalic.ttf */ = {isa = PBXFileReference; name = "Kanit-ThinItalic.ttf"; path = "../src/assets/fonts/Kanit-ThinItalic.ttf"; sourceTree = "<group>"; fileEncoding = undefined; lastKnownFileType = unknown; explicitFileType = undefined; includeInIndex = 0; };
		109D77BC528B4759AB610AF6 /* NotoSansThai-Black.ttf */ = {isa = PBXFileReference; name = "NotoSansThai-Black.ttf"; path = "../src/assets/fonts/NotoSansThai-Black.ttf"; sourceTree = "<group>"; fileEncoding = undefined; lastKnownFileType = unknown; explicitFileType = undefined; includeInIndex = 0; };
		AF9879F899EF4D59A7D32B42 /* NotoSansThai-BlackItalic.ttf */ = {isa = PBXFileReference; name = "NotoSansThai-BlackItalic.ttf"; path = "../src/assets/fonts/NotoSansThai-BlackItalic.ttf"; sourceTree = "<group>"; fileEncoding = undefined; lastKnownFileType = unknown; explicitFileType = undefined; includeInIndex = 0; };
		21BA3CA903A447979C857E0B /* NotoSansThai-Bold.ttf */ = {isa = PBXFileReference; name = "NotoSansThai-Bold.ttf"; path = "../src/assets/fonts/NotoSansThai-Bold.ttf"; sourceTree = "<group>"; fileEncoding = undefined; lastKnownFileType = unknown; explicitFileType = undefined; includeInIndex = 0; };
		079D755F00184F98BF9D9183 /* NotoSansThai-BoldItalic.ttf */ = {isa = PBXFileReference; name = "NotoSansThai-BoldItalic.ttf"; path = "../src/assets/fonts/NotoSansThai-BoldItalic.ttf"; sourceTree = "<group>"; fileEncoding = undefined; lastKnownFileType = unknown; explicitFileType = undefined; includeInIndex = 0; };
		2E8CFCDE91894080A25AD526 /* NotoSansThai-ExtraBold.ttf */ = {isa = PBXFileReference; name = "NotoSansThai-ExtraBold.ttf"; path = "../src/assets/fonts/NotoSansThai-ExtraBold.ttf"; sourceTree = "<group>"; fileEncoding = undefined; lastKnownFileType = unknown; explicitFileType = undefined; includeInIndex = 0; };
		DC5D96CAC71C4A9189D82E63 /* NotoSansThai-ExtraBoldItalic.ttf */ = {isa = PBXFileReference; name = "NotoSansThai-ExtraBoldItalic.ttf"; path = "../src/assets/fonts/NotoSansThai-ExtraBoldItalic.ttf"; sourceTree = "<group>"; fileEncoding = undefined; lastKnownFileType = unknown; explicitFileType = undefined; includeInIndex = 0; };
		CB479F075CF043EDBF9B298D /* NotoSansThai-ExtraLight.ttf */ = {isa = PBXFileReference; name = "NotoSansThai-ExtraLight.ttf"; path = "../src/assets/fonts/NotoSansThai-ExtraLight.ttf"; sourceTree = "<group>"; fileEncoding = undefined; lastKnownFileType = unknown; explicitFileType = undefined; includeInIndex = 0; };
		37FDE627D9F841B5A758EF70 /* NotoSansThai-ExtraLightItalic.ttf */ = {isa = PBXFileReference; name = "NotoSansThai-ExtraLightItalic.ttf"; path = "../src/assets/fonts/NotoSansThai-ExtraLightItalic.ttf"; sourceTree = "<group>"; fileEncoding = undefined; lastKnownFileType = unknown; explicitFileType = undefined; includeInIndex = 0; };
		29FB68B10DA64DFE83193093 /* NotoSansThai-Italic.ttf */ = {isa = PBXFileReference; name = "NotoSansThai-Italic.ttf"; path = "../src/assets/fonts/NotoSansThai-Italic.ttf"; sourceTree = "<group>"; fileEncoding = undefined; lastKnownFileType = unknown; explicitFileType = undefined; includeInIndex = 0; };
		55345BABA8D8476C9D47A339 /* NotoSansThai-Light.ttf */ = {isa = PBXFileReference; name = "NotoSansThai-Light.ttf"; path = "../src/assets/fonts/NotoSansThai-Light.ttf"; sourceTree = "<group>"; fileEncoding = undefined; lastKnownFileType = unknown; explicitFileType = undefined; includeInIndex = 0; };
		13139259B5034EC48779D231 /* NotoSansThai-LightItalic.ttf */ = {isa = PBXFileReference; name = "NotoSansThai-LightItalic.ttf"; path = "../src/assets/fonts/NotoSansThai-LightItalic.ttf"; sourceTree = "<group>"; fileEncoding = undefined; lastKnownFileType = unknown; explicitFileType = undefined; includeInIndex = 0; };
		06036E4312CA4EC295099CBB /* NotoSansThai-Medium.ttf */ = {isa = PBXFileReference; name = "NotoSansThai-Medium.ttf"; path = "../src/assets/fonts/NotoSansThai-Medium.ttf"; sourceTree = "<group>"; fileEncoding = undefined; lastKnownFileType = unknown; explicitFileType = undefined; includeInIndex = 0; };
		C769C2ED29374CB8B9F08D41 /* NotoSansThai-MediumItalic.ttf */ = {isa = PBXFileReference; name = "NotoSansThai-MediumItalic.ttf"; path = "../src/assets/fonts/NotoSansThai-MediumItalic.ttf"; sourceTree = "<group>"; fileEncoding = undefined; lastKnownFileType = unknown; explicitFileType = undefined; includeInIndex = 0; };
		AFD5FFB972C9478883028F6B /* NotoSansThai-Regular.ttf */ = {isa = PBXFileReference; name = "NotoSansThai-Regular.ttf"; path = "../src/assets/fonts/NotoSansThai-Regular.ttf"; sourceTree = "<group>"; fileEncoding = undefined; lastKnownFileType = unknown; explicitFileType = undefined; includeInIndex = 0; };
		2464E1285DA44A72BEC17649 /* NotoSansThai-SemiBold.ttf */ = {isa = PBXFileReference; name = "NotoSansThai-SemiBold.ttf"; path = "../src/assets/fonts/NotoSansThai-SemiBold.ttf"; sourceTree = "<group>"; fileEncoding = undefined; lastKnownFileType = unknown; explicitFileType = undefined; includeInIndex = 0; };
		5070A06BF2074564AEF48E78 /* NotoSansThai-SemiBoldItalic.ttf */ = {isa = PBXFileReference; name = "NotoSansThai-SemiBoldItalic.ttf"; path = "../src/assets/fonts/NotoSansThai-SemiBoldItalic.ttf"; sourceTree = "<group>"; fileEncoding = undefined; lastKnownFileType = unknown; explicitFileType = undefined; includeInIndex = 0; };
		BDE29FD220CD4731878B8189 /* NotoSansThai-Thin.ttf */ = {isa = PBXFileReference; name = "NotoSansThai-Thin.ttf"; path = "../src/assets/fonts/NotoSansThai-Thin.ttf"; sourceTree = "<group>"; fileEncoding = undefined; lastKnownFileType = unknown; explicitFileType = undefined; includeInIndex = 0; };
		E3DCCCD36AF549D8B42AD156 /* NotoSansThai-ThinItalic.ttf */ = {isa = PBXFileReference; name = "NotoSansThai-ThinItalic.ttf"; path = "../src/assets/fonts/NotoSansThai-ThinItalic.ttf"; sourceTree = "<group>"; fileEncoding = undefined; lastKnownFileType = unknown; explicitFileType = undefined; includeInIndex = 0; };
		45077116BC8C4A5C905B799B /* Mitr-Bold.ttf */ = {isa = PBXFileReference; name = "Mitr-Bold.ttf"; path = "../src/assets/fonts/Mitr-Bold.ttf"; sourceTree = "<group>"; fileEncoding = undefined; lastKnownFileType = unknown; explicitFileType = undefined; includeInIndex = 0; };
		9DDD0902F67A46099AD6F69F /* Mitr-ExtraLight.ttf */ = {isa = PBXFileReference; name = "Mitr-ExtraLight.ttf"; path = "../src/assets/fonts/Mitr-ExtraLight.ttf"; sourceTree = "<group>"; fileEncoding = undefined; lastKnownFileType = unknown; explicitFileType = undefined; includeInIndex = 0; };
		B63EBA0C50164360845A9F54 /* Mitr-Light.ttf */ = {isa = PBXFileReference; name = "Mitr-Light.ttf"; path = "../src/assets/fonts/Mitr-Light.ttf"; sourceTree = "<group>"; fileEncoding = undefined; lastKnownFileType = unknown; explicitFileType = undefined; includeInIndex = 0; };
		DAFD2975FC254D1E8C16A6E0 /* Mitr-Medium.ttf */ = {isa = PBXFileReference; name = "Mitr-Medium.ttf"; path = "../src/assets/fonts/Mitr-Medium.ttf"; sourceTree = "<group>"; fileEncoding = undefined; lastKnownFileType = unknown; explicitFileType = undefined; includeInIndex = 0; };
		B0DF0212C5CF4583A3264EF2 /* Mitr-Regular.ttf */ = {isa = PBXFileReference; name = "Mitr-Regular.ttf"; path = "../src/assets/fonts/Mitr-Regular.ttf"; sourceTree = "<group>"; fileEncoding = undefined; lastKnownFileType = unknown; explicitFileType = undefined; includeInIndex = 0; };
		3932AD02C2EB4330B5E987BF /* Mitr-SemiBold.ttf */ = {isa = PBXFileReference; name = "Mitr-SemiBold.ttf"; path = "../src/assets/fonts/Mitr-SemiBold.ttf"; sourceTree = "<group>"; fileEncoding = undefined; lastKnownFileType = unknown; explicitFileType = undefined; includeInIndex = 0; };
		23BB366BF1264971A739F075 /* Prompt-Black.ttf */ = {isa = PBXFileReference; name = "Prompt-Black.ttf"; path = "../src/assets/fonts/Prompt-Black.ttf"; sourceTree = "<group>"; fileEncoding = undefined; lastKnownFileType = unknown; explicitFileType = undefined; includeInIndex = 0; };
		42C772320166425DA0FDE55B /* Prompt-BlackItalic.ttf */ = {isa = PBXFileReference; name = "Prompt-BlackItalic.ttf"; path = "../src/assets/fonts/Prompt-BlackItalic.ttf"; sourceTree = "<group>"; fileEncoding = undefined; lastKnownFileType = unknown; explicitFileType = undefined; includeInIndex = 0; };
		2582319D6126459984FCDAAF /* Prompt-Bold.ttf */ = {isa = PBXFileReference; name = "Prompt-Bold.ttf"; path = "../src/assets/fonts/Prompt-Bold.ttf"; sourceTree = "<group>"; fileEncoding = undefined; lastKnownFileType = unknown; explicitFileType = undefined; includeInIndex = 0; };
		CF573EB2EF5245CD91C80787 /* Prompt-BoldItalic.ttf */ = {isa = PBXFileReference; name = "Prompt-BoldItalic.ttf"; path = "../src/assets/fonts/Prompt-BoldItalic.ttf"; sourceTree = "<group>"; fileEncoding = undefined; lastKnownFileType = unknown; explicitFileType = undefined; includeInIndex = 0; };
		98D7068290E1476B9B9069C5 /* Prompt-ExtraBold.ttf */ = {isa = PBXFileReference; name = "Prompt-ExtraBold.ttf"; path = "../src/assets/fonts/Prompt-ExtraBold.ttf"; sourceTree = "<group>"; fileEncoding = undefined; lastKnownFileType = unknown; explicitFileType = undefined; includeInIndex = 0; };
		506B9DE76CCF4496A209C84C /* Prompt-ExtraBoldItalic.ttf */ = {isa = PBXFileReference; name = "Prompt-ExtraBoldItalic.ttf"; path = "../src/assets/fonts/Prompt-ExtraBoldItalic.ttf"; sourceTree = "<group>"; fileEncoding = undefined; lastKnownFileType = unknown; explicitFileType = undefined; includeInIndex = 0; };
		AE8C4F056F514446837F2D50 /* Prompt-ExtraLight.ttf */ = {isa = PBXFileReference; name = "Prompt-ExtraLight.ttf"; path = "../src/assets/fonts/Prompt-ExtraLight.ttf"; sourceTree = "<group>"; fileEncoding = undefined; lastKnownFileType = unknown; explicitFileType = undefined; includeInIndex = 0; };
		14682BBCEF0643A187181371 /* Prompt-ExtraLightItalic.ttf */ = {isa = PBXFileReference; name = "Prompt-ExtraLightItalic.ttf"; path = "../src/assets/fonts/Prompt-ExtraLightItalic.ttf"; sourceTree = "<group>"; fileEncoding = undefined; lastKnownFileType = unknown; explicitFileType = undefined; includeInIndex = 0; };
		CE26BE1922BD47F8BEF97106 /* Prompt-Italic.ttf */ = {isa = PBXFileReference; name = "Prompt-Italic.ttf"; path = "../src/assets/fonts/Prompt-Italic.ttf"; sourceTree = "<group>"; fileEncoding = undefined; lastKnownFileType = unknown; explicitFileType = undefined; includeInIndex = 0; };
		79747864182F49999056B68F /* Prompt-Light.ttf */ = {isa = PBXFileReference; name = "Prompt-Light.ttf"; path = "../src/assets/fonts/Prompt-Light.ttf"; sourceTree = "<group>"; fileEncoding = undefined; lastKnownFileType = unknown; explicitFileType = undefined; includeInIndex = 0; };
		6DFAF1CD585A4D7A854CF4F0 /* Prompt-LightItalic.ttf */ = {isa = PBXFileReference; name = "Prompt-LightItalic.ttf"; path = "../src/assets/fonts/Prompt-LightItalic.ttf"; sourceTree = "<group>"; fileEncoding = undefined; lastKnownFileType = unknown; explicitFileType = undefined; includeInIndex = 0; };
		AF4456838A924DE0A44FCBF4 /* Prompt-Medium.ttf */ = {isa = PBXFileReference; name = "Prompt-Medium.ttf"; path = "../src/assets/fonts/Prompt-Medium.ttf"; sourceTree = "<group>"; fileEncoding = undefined; lastKnownFileType = unknown; explicitFileType = undefined; includeInIndex = 0; };
		4EBBF7EB06BB485782663B90 /* Prompt-MediumItalic.ttf */ = {isa = PBXFileReference; name = "Prompt-MediumItalic.ttf"; path = "../src/assets/fonts/Prompt-MediumItalic.ttf"; sourceTree = "<group>"; fileEncoding = undefined; lastKnownFileType = unknown; explicitFileType = undefined; includeInIndex = 0; };
		C7B4FD568F914D569E1DF003 /* Prompt-Regular.ttf */ = {isa = PBXFileReference; name = "Prompt-Regular.ttf"; path = "../src/assets/fonts/Prompt-Regular.ttf"; sourceTree = "<group>"; fileEncoding = undefined; lastKnownFileType = unknown; explicitFileType = undefined; includeInIndex = 0; };
		179E329AD6524502A6A0D33F /* Prompt-SemiBold.ttf */ = {isa = PBXFileReference; name = "Prompt-SemiBold.ttf"; path = "../src/assets/fonts/Prompt-SemiBold.ttf"; sourceTree = "<group>"; fileEncoding = undefined; lastKnownFileType = unknown; explicitFileType = undefined; includeInIndex = 0; };
		C7F9BC7396E94A94B9D32FD2 /* Prompt-SemiBoldItalic.ttf */ = {isa = PBXFileReference; name = "Prompt-SemiBoldItalic.ttf"; path = "../src/assets/fonts/Prompt-SemiBoldItalic.ttf"; sourceTree = "<group>"; fileEncoding = undefined; lastKnownFileType = unknown; explicitFileType = undefined; includeInIndex = 0; };
		7832CC4514104155A4C4AD8D /* Prompt-Thin.ttf */ = {isa = PBXFileReference; name = "Prompt-Thin.ttf"; path = "../src/assets/fonts/Prompt-Thin.ttf"; sourceTree = "<group>"; fileEncoding = undefined; lastKnownFileType = unknown; explicitFileType = undefined; includeInIndex = 0; };
		3004DCD1CA234D49AA99914D /* Prompt-ThinItalic.ttf */ = {isa = PBXFileReference; name = "Prompt-ThinItalic.ttf"; path = "../src/assets/fonts/Prompt-ThinItalic.ttf"; sourceTree = "<group>"; fileEncoding = undefined; lastKnownFileType = unknown; explicitFileType = undefined; includeInIndex = 0; };
/* End PBXFileReference section */

/* Begin PBXFrameworksBuildPhase section */
		00E356EB1AD99517003FC87E /* Frameworks */ = {
			isa = PBXFrameworksBuildPhase;
			buildActionMask = 2147483647;
			files = (
				3167637B7225057D27002B20 /* libPods-DeckWord-DeckWordTests.a in Frameworks */,
			);
			runOnlyForDeploymentPostprocessing = 0;
		};
		13B07F8C1A680F5B00A75B9A /* Frameworks */ = {
			isa = PBXFrameworksBuildPhase;
			buildActionMask = 2147483647;
			files = (
				1366385BD9685BB7AE9B882F /* libPods-DeckWord.a in Frameworks */,
			);
			runOnlyForDeploymentPostprocessing = 0;
		};
/* End PBXFrameworksBuildPhase section */

/* Begin PBXGroup section */
		00E356EF1AD99517003FC87E /* DeckWordTests */ = {
			isa = PBXGroup;
			children = (
				00E356F21AD99517003FC87E /* DeckWordTests.m */,
				00E356F01AD99517003FC87E /* Supporting Files */,
			);
			path = DeckWordTests;
			sourceTree = "<group>";
		};
		00E356F01AD99517003FC87E /* Supporting Files */ = {
			isa = PBXGroup;
			children = (
				00E356F11AD99517003FC87E /* Info.plist */,
			);
			name = "Supporting Files";
			sourceTree = "<group>";
		};
		13B07FAE1A68108700A75B9A /* DeckWord */ = {
			isa = PBXGroup;
			children = (
				13B07FAF1A68108700A75B9A /* AppDelegate.h */,
				13B07FB01A68108700A75B9A /* AppDelegate.m */,
				13B07FB51A68108700A75B9A /* Images.xcassets */,
				13B07FB61A68108700A75B9A /* Info.plist */,
				81AB9BB72411601600AC10FF /* LaunchScreen.storyboard */,
				13B07FB71A68108700A75B9A /* main.m */,
			);
			name = DeckWord;
			sourceTree = "<group>";
		};
		2D16E6871FA4F8E400B85C8A /* Frameworks */ = {
			isa = PBXGroup;
			children = (
				ED297162215061F000B7C4FE /* JavaScriptCore.framework */,
				3421A51B67F43D9336D7D318 /* libPods-DeckWord.a */,
				BBB257013EAA4703E01BF401 /* libPods-DeckWord-DeckWordTests.a */,
			);
			name = Frameworks;
			sourceTree = "<group>";
		};
		4BD84C69DA6B1D6C8D9BD47E /* Pods */ = {
			isa = PBXGroup;
			children = (
				5B859AAFBC5709131A52C2DF /* Pods-DeckWord.debug.xcconfig */,
				BC773EE98A50F87246B0D807 /* Pods-DeckWord.release.xcconfig */,
				C6B955E4987E70AADC80A7D6 /* Pods-DeckWord-DeckWordTests.debug.xcconfig */,
				E9E9355A1C4A00D99BD629CB /* Pods-DeckWord-DeckWordTests.release.xcconfig */,
			);
			name = Pods;
			path = Pods;
			sourceTree = "<group>";
		};
		832341AE1AAA6A7D00B99B32 /* Libraries */ = {
			isa = PBXGroup;
			children = (
			);
			name = Libraries;
			sourceTree = "<group>";
		};
		83CBB9F61A601CBA00E9B192 = {
			isa = PBXGroup;
			children = (
				13B07FAE1A68108700A75B9A /* DeckWord */,
				832341AE1AAA6A7D00B99B32 /* Libraries */,
				00E356EF1AD99517003FC87E /* DeckWordTests */,
				83CBBA001A601CBA00E9B192 /* Products */,
				2D16E6871FA4F8E400B85C8A /* Frameworks */,
				4BD84C69DA6B1D6C8D9BD47E /* Pods */,
				A2EFAE02595B41DF849CF15D /* Resources */,
			);
			indentWidth = 2;
			sourceTree = "<group>";
			tabWidth = 2;
			usesTabs = 0;
		};
		83CBBA001A601CBA00E9B192 /* Products */ = {
			isa = PBXGroup;
			children = (
				13B07F961A680F5B00A75B9A /* DeckWord.app */,
				00E356EE1AD99517003FC87E /* DeckWordTests.xctest */,
			);
			name = Products;
			sourceTree = "<group>";
		};
		A2EFAE02595B41DF849CF15D /* Resources */ = {
			isa = "PBXGroup";
			children = (
				17FE0747F7C14652B583CFBF /* Kanit-Black.ttf */,
				71BF2E3C83F7449C83C0DBC3 /* Kanit-BlackItalic.ttf */,
				5ABCC2CD47C14A9B9D9AC7DF /* Kanit-Bold.ttf */,
				D70337E2B66340C09503E67E /* Kanit-BoldItalic.ttf */,
				B02EB37847964D6294A7DE2F /* Kanit-ExtraBold.ttf */,
				BE3C306714D348A08C93F055 /* Kanit-ExtraBoldItalic.ttf */,
				E1980953F6E941469B081504 /* Kanit-ExtraLight.ttf */,
				16C048C8B201493B80CFF4CA /* Kanit-ExtraLightItalic.ttf */,
				84B99805592546A0B36CF520 /* Kanit-Italic.ttf */,
				46BF3483F8774C11BB7573ED /* Kanit-Light.ttf */,
				F6427F37B244470291D79B4A /* Kanit-LightItalic.ttf */,
				F91DB4DCE899424D90F1857C /* Kanit-Medium.ttf */,
				960D60DC1F6041BDA2506118 /* Kanit-MediumItalic.ttf */,
				A6FB74D788C44945A890B271 /* Kanit-Regular.ttf */,
				7C2980209DA548F899B28512 /* Kanit-SemiBold.ttf */,
				8E896D65D2594C5589345B69 /* Kanit-SemiBoldItalic.ttf */,
				B6517E5D247944B8AFCB8562 /* Kanit-Thin.ttf */,
				DFD6E7EE53A24E4A8D3F12F1 /* Kanit-ThinItalic.ttf */,
				109D77BC528B4759AB610AF6 /* NotoSansThai-Black.ttf */,
				AF9879F899EF4D59A7D32B42 /* NotoSansThai-BlackItalic.ttf */,
				21BA3CA903A447979C857E0B /* NotoSansThai-Bold.ttf */,
				079D755F00184F98BF9D9183 /* NotoSansThai-BoldItalic.ttf */,
				2E8CFCDE91894080A25AD526 /* NotoSansThai-ExtraBold.ttf */,
				DC5D96CAC71C4A9189D82E63 /* NotoSansThai-ExtraBoldItalic.ttf */,
				CB479F075CF043EDBF9B298D /* NotoSansThai-ExtraLight.ttf */,
				37FDE627D9F841B5A758EF70 /* NotoSansThai-ExtraLightItalic.ttf */,
				29FB68B10DA64DFE83193093 /* NotoSansThai-Italic.ttf */,
				55345BABA8D8476C9D47A339 /* NotoSansThai-Light.ttf */,
				13139259B5034EC48779D231 /* NotoSansThai-LightItalic.ttf */,
				06036E4312CA4EC295099CBB /* NotoSansThai-Medium.ttf */,
				C769C2ED29374CB8B9F08D41 /* NotoSansThai-MediumItalic.ttf */,
				AFD5FFB972C9478883028F6B /* NotoSansThai-Regular.ttf */,
				2464E1285DA44A72BEC17649 /* NotoSansThai-SemiBold.ttf */,
				5070A06BF2074564AEF48E78 /* NotoSansThai-SemiBoldItalic.ttf */,
				BDE29FD220CD4731878B8189 /* NotoSansThai-Thin.ttf */,
				E3DCCCD36AF549D8B42AD156 /* NotoSansThai-ThinItalic.ttf */,
				45077116BC8C4A5C905B799B /* Mitr-Bold.ttf */,
				9DDD0902F67A46099AD6F69F /* Mitr-ExtraLight.ttf */,
				B63EBA0C50164360845A9F54 /* Mitr-Light.ttf */,
				DAFD2975FC254D1E8C16A6E0 /* Mitr-Medium.ttf */,
				B0DF0212C5CF4583A3264EF2 /* Mitr-Regular.ttf */,
				3932AD02C2EB4330B5E987BF /* Mitr-SemiBold.ttf */,
				23BB366BF1264971A739F075 /* Prompt-Black.ttf */,
				42C772320166425DA0FDE55B /* Prompt-BlackItalic.ttf */,
				2582319D6126459984FCDAAF /* Prompt-Bold.ttf */,
				CF573EB2EF5245CD91C80787 /* Prompt-BoldItalic.ttf */,
				98D7068290E1476B9B9069C5 /* Prompt-ExtraBold.ttf */,
				506B9DE76CCF4496A209C84C /* Prompt-ExtraBoldItalic.ttf */,
				AE8C4F056F514446837F2D50 /* Prompt-ExtraLight.ttf */,
				14682BBCEF0643A187181371 /* Prompt-ExtraLightItalic.ttf */,
				CE26BE1922BD47F8BEF97106 /* Prompt-Italic.ttf */,
				79747864182F49999056B68F /* Prompt-Light.ttf */,
				6DFAF1CD585A4D7A854CF4F0 /* Prompt-LightItalic.ttf */,
				AF4456838A924DE0A44FCBF4 /* Prompt-Medium.ttf */,
				4EBBF7EB06BB485782663B90 /* Prompt-MediumItalic.ttf */,
				C7B4FD568F914D569E1DF003 /* Prompt-Regular.ttf */,
				179E329AD6524502A6A0D33F /* Prompt-SemiBold.ttf */,
				C7F9BC7396E94A94B9D32FD2 /* Prompt-SemiBoldItalic.ttf */,
				7832CC4514104155A4C4AD8D /* Prompt-Thin.ttf */,
				3004DCD1CA234D49AA99914D /* Prompt-ThinItalic.ttf */,
			);
			name = Resources;
			sourceTree = "<group>";
			path = "";
		};
/* End PBXGroup section */

/* Begin PBXNativeTarget section */
		00E356ED1AD99517003FC87E /* DeckWordTests */ = {
			isa = PBXNativeTarget;
			buildConfigurationList = 00E357021AD99517003FC87E /* Build configuration list for PBXNativeTarget "DeckWordTests" */;
			buildPhases = (
				27DE1CE80971C2CC95BC2802 /* [CP] Check Pods Manifest.lock */,
				00E356EA1AD99517003FC87E /* Sources */,
				00E356EB1AD99517003FC87E /* Frameworks */,
				00E356EC1AD99517003FC87E /* Resources */,
				CD0B98A522B2A1FBCBD7AD84 /* [CP] Embed Pods Frameworks */,
				4E1EF0023E09D995CF5DC290 /* [CP] Copy Pods Resources */,
			);
			buildRules = (
			);
			dependencies = (
				00E356F51AD99517003FC87E /* PBXTargetDependency */,
			);
			name = DeckWordTests;
			productName = DeckWordTests;
			productReference = 00E356EE1AD99517003FC87E /* DeckWordTests.xctest */;
			productType = "com.apple.product-type.bundle.unit-test";
		};
		13B07F861A680F5B00A75B9A /* DeckWord */ = {
			isa = PBXNativeTarget;
			buildConfigurationList = 13B07F931A680F5B00A75B9A /* Build configuration list for PBXNativeTarget "DeckWord" */;
			buildPhases = (
				B68439B79C72A7A367813EAB /* [CP] Check Pods Manifest.lock */,
				FD10A7F022414F080027D42C /* Start Packager */,
				13B07F871A680F5B00A75B9A /* Sources */,
				13B07F8C1A680F5B00A75B9A /* Frameworks */,
				13B07F8E1A680F5B00A75B9A /* Resources */,
				00DD1BFF1BD5951E006B06BC /* Bundle React Native code and images */,
				F3574409BC2C46AE26637C0C /* [CP] Embed Pods Frameworks */,
				1BCC870DBCFE956974E14EA0 /* [CP] Copy Pods Resources */,
			);
			buildRules = (
			);
			dependencies = (
			);
			name = DeckWord;
			productName = DeckWord;
			productReference = 13B07F961A680F5B00A75B9A /* DeckWord.app */;
			productType = "com.apple.product-type.application";
		};
/* End PBXNativeTarget section */

/* Begin PBXProject section */
		83CBB9F71A601CBA00E9B192 /* Project object */ = {
			isa = PBXProject;
			attributes = {
				LastUpgradeCheck = 1210;
				TargetAttributes = {
					00E356ED1AD99517003FC87E = {
						CreatedOnToolsVersion = 6.2;
						TestTargetID = 13B07F861A680F5B00A75B9A;
					};
					13B07F861A680F5B00A75B9A = {
						LastSwiftMigration = 1120;
					};
				};
			};
			buildConfigurationList = 83CBB9FA1A601CBA00E9B192 /* Build configuration list for PBXProject "DeckWord" */;
			compatibilityVersion = "Xcode 12.0";
			developmentRegion = en;
			hasScannedForEncodings = 0;
			knownRegions = (
				en,
				Base,
			);
			mainGroup = 83CBB9F61A601CBA00E9B192;
			productRefGroup = 83CBBA001A601CBA00E9B192 /* Products */;
			projectDirPath = "";
			projectRoot = "";
			targets = (
				13B07F861A680F5B00A75B9A /* DeckWord */,
				00E356ED1AD99517003FC87E /* DeckWordTests */,
			);
		};
/* End PBXProject section */

/* Begin PBXResourcesBuildPhase section */
		00E356EC1AD99517003FC87E /* Resources */ = {
			isa = PBXResourcesBuildPhase;
			buildActionMask = 2147483647;
			files = (
			);
			runOnlyForDeploymentPostprocessing = 0;
		};
		13B07F8E1A680F5B00A75B9A /* Resources */ = {
			isa = PBXResourcesBuildPhase;
			buildActionMask = 2147483647;
			files = (
				81AB9BB82411601600AC10FF /* LaunchScreen.storyboard in Resources */,
				13B07FBF1A68108700A75B9A /* Images.xcassets in Resources */,
				3E085B8C90D14ACF8DA9444F /* Kanit-Black.ttf in Resources */,
				2836200DDA21494489232220 /* Kanit-BlackItalic.ttf in Resources */,
				A96D4C4CE8854555A0BB07DF /* Kanit-Bold.ttf in Resources */,
				A23012F86CD5476684732814 /* Kanit-BoldItalic.ttf in Resources */,
				447FC3A99041469D97EE555F /* Kanit-ExtraBold.ttf in Resources */,
				04F5C8BADA994333BED41F49 /* Kanit-ExtraBoldItalic.ttf in Resources */,
				479FF177F67E452881F40632 /* Kanit-ExtraLight.ttf in Resources */,
				6789DE856178430CB09BBA3C /* Kanit-ExtraLightItalic.ttf in Resources */,
				4D97A283C5E94CC1A218ED16 /* Kanit-Italic.ttf in Resources */,
				69CFC0EF8CEC4A6D913463EB /* Kanit-Light.ttf in Resources */,
				1E10D3AAF2994CAF84091B52 /* Kanit-LightItalic.ttf in Resources */,
				41D1B323D6624073B27A9A6F /* Kanit-Medium.ttf in Resources */,
				F5224E9A60E943609C63F608 /* Kanit-MediumItalic.ttf in Resources */,
				3C9A3BBF484646AEBA9BB0C6 /* Kanit-Regular.ttf in Resources */,
				D150B01F44134635805605D5 /* Kanit-SemiBold.ttf in Resources */,
				BADA30771B5D4C909FB5AF60 /* Kanit-SemiBoldItalic.ttf in Resources */,
				8E8059EFD809402595C94DC8 /* Kanit-Thin.ttf in Resources */,
				B995E6EBEEB74532B10F59B7 /* Kanit-ThinItalic.ttf in Resources */,
				5345B8E022184EF5B2F069C4 /* NotoSansThai-Black.ttf in Resources */,
				BEE404B8254945F7BF4B0A24 /* NotoSansThai-BlackItalic.ttf in Resources */,
				93AE83CD1C5846358FFFCFF9 /* NotoSansThai-Bold.ttf in Resources */,
				DB3642227198407CAB69C55B /* NotoSansThai-BoldItalic.ttf in Resources */,
				11BB30A43CEC4FDAA57170DC /* NotoSansThai-ExtraBold.ttf in Resources */,
				16ECCE060C404884B1638D82 /* NotoSansThai-ExtraBoldItalic.ttf in Resources */,
				EC21E0AE1169482FBB0F21BB /* NotoSansThai-ExtraLight.ttf in Resources */,
				4D4D93011D7E42B0962D1184 /* NotoSansThai-ExtraLightItalic.ttf in Resources */,
				ECC3C959E16F4412AE4DEECB /* NotoSansThai-Italic.ttf in Resources */,
				18AB4531B4414FEAB476AB04 /* NotoSansThai-Light.ttf in Resources */,
				EA7DE867C5FC4EA7B1333C00 /* NotoSansThai-LightItalic.ttf in Resources */,
				E4BBD077678C45F78F36DCAB /* NotoSansThai-Medium.ttf in Resources */,
				861B68B98CAD4F82AA3A3D9D /* NotoSansThai-MediumItalic.ttf in Resources */,
				CB4FBF4360E04E32B587746C /* NotoSansThai-Regular.ttf in Resources */,
				5C086D3E44DB4E5EA1C4037B /* NotoSansThai-SemiBold.ttf in Resources */,
				B19BF3A5B13D4BFAB586D9D6 /* NotoSansThai-SemiBoldItalic.ttf in Resources */,
				7930D3DEDD6548B0A34565D9 /* NotoSansThai-Thin.ttf in Resources */,
				F6CBCE1A080F4578B877E556 /* NotoSansThai-ThinItalic.ttf in Resources */,
				5B940CE81C684968A137CCAC /* Mitr-Bold.ttf in Resources */,
				6FB58AF0208F47C79777ECF9 /* Mitr-ExtraLight.ttf in Resources */,
				C12019A37568456285C11FF0 /* Mitr-Light.ttf in Resources */,
				835811F3418744099CFC6E14 /* Mitr-Medium.ttf in Resources */,
				FE4AD3DFC92B476CA5FFFAC8 /* Mitr-Regular.ttf in Resources */,
				8A2924B799DB4E7393CF0F30 /* Mitr-SemiBold.ttf in Resources */,
				F081918FE7D24640906E46A2 /* Prompt-Black.ttf in Resources */,
				797E421EC6C0491E9EA5B097 /* Prompt-BlackItalic.ttf in Resources */,
				B57325790203443090E1DAA0 /* Prompt-Bold.ttf in Resources */,
				3B58EE871594490383DCC02F /* Prompt-BoldItalic.ttf in Resources */,
				476A878E96924936966A9247 /* Prompt-ExtraBold.ttf in Resources */,
				9958B3FECAF249B38D8531F9 /* Prompt-ExtraBoldItalic.ttf in Resources */,
				D53BB854B0A4461E93CDB5AE /* Prompt-ExtraLight.ttf in Resources */,
				12BF891D8AB24F98A9F12BA7 /* Prompt-ExtraLightItalic.ttf in Resources */,
				0E8E6296CBC348B686367F07 /* Prompt-Italic.ttf in Resources */,
				A1C53CF34D504068ABB68285 /* Prompt-Light.ttf in Resources */,
				B271CF4D1A6A4BBBBEC79A7B /* Prompt-LightItalic.ttf in Resources */,
				F2BD1BE37B0F41E5A0B97710 /* Prompt-Medium.ttf in Resources */,
				099F963FDA0445EC8B2AD594 /* Prompt-MediumItalic.ttf in Resources */,
				54299DAE585949FAB1CA549D /* Prompt-Regular.ttf in Resources */,
				2BF7BF1493664BEDBC61A823 /* Prompt-SemiBold.ttf in Resources */,
				4A117EED40F64ADE9BBC033B /* Prompt-SemiBoldItalic.ttf in Resources */,
				1C331DE7D7C14488836082FA /* Prompt-Thin.ttf in Resources */,
				D82E400CD7114A17BD2B6541 /* Prompt-ThinItalic.ttf in Resources */,
			);
			runOnlyForDeploymentPostprocessing = 0;
		};
/* End PBXResourcesBuildPhase section */

/* Begin PBXShellScriptBuildPhase section */
		00DD1BFF1BD5951E006B06BC /* Bundle React Native code and images */ = {
			isa = PBXShellScriptBuildPhase;
			buildActionMask = 2147483647;
			files = (
			);
			inputPaths = (
			);
			name = "Bundle React Native code and images";
			outputPaths = (
			);
			runOnlyForDeploymentPostprocessing = 0;
			shellPath = /bin/sh;
			shellScript = "set -e\n\nexport NODE_BINARY=node\n../node_modules/react-native/scripts/react-native-xcode.sh\n";
		};
		1BCC870DBCFE956974E14EA0 /* [CP] Copy Pods Resources */ = {
			isa = PBXShellScriptBuildPhase;
			buildActionMask = 2147483647;
			files = (
			);
			inputFileListPaths = (
				"${PODS_ROOT}/Target Support Files/Pods-DeckWord/Pods-DeckWord-resources-${CONFIGURATION}-input-files.xcfilelist",
			);
			name = "[CP] Copy Pods Resources";
			outputFileListPaths = (
				"${PODS_ROOT}/Target Support Files/Pods-DeckWord/Pods-DeckWord-resources-${CONFIGURATION}-output-files.xcfilelist",
			);
			runOnlyForDeploymentPostprocessing = 0;
			shellPath = /bin/sh;
			shellScript = "\"${PODS_ROOT}/Target Support Files/Pods-DeckWord/Pods-DeckWord-resources.sh\"\n";
			showEnvVarsInLog = 0;
		};
		27DE1CE80971C2CC95BC2802 /* [CP] Check Pods Manifest.lock */ = {
			isa = PBXShellScriptBuildPhase;
			buildActionMask = 2147483647;
			files = (
			);
			inputFileListPaths = (
			);
			inputPaths = (
				"${PODS_PODFILE_DIR_PATH}/Podfile.lock",
				"${PODS_ROOT}/Manifest.lock",
			);
			name = "[CP] Check Pods Manifest.lock";
			outputFileListPaths = (
			);
			outputPaths = (
				"$(DERIVED_FILE_DIR)/Pods-DeckWord-DeckWordTests-checkManifestLockResult.txt",
			);
			runOnlyForDeploymentPostprocessing = 0;
			shellPath = /bin/sh;
			shellScript = "diff \"${PODS_PODFILE_DIR_PATH}/Podfile.lock\" \"${PODS_ROOT}/Manifest.lock\" > /dev/null\nif [ $? != 0 ] ; then\n    # print error to STDERR\n    echo \"error: The sandbox is not in sync with the Podfile.lock. Run 'pod install' or update your CocoaPods installation.\" >&2\n    exit 1\nfi\n# This output is used by Xcode 'outputs' to avoid re-running this script phase.\necho \"SUCCESS\" > \"${SCRIPT_OUTPUT_FILE_0}\"\n";
			showEnvVarsInLog = 0;
		};
		4E1EF0023E09D995CF5DC290 /* [CP] Copy Pods Resources */ = {
			isa = PBXShellScriptBuildPhase;
			buildActionMask = 2147483647;
			files = (
			);
			inputFileListPaths = (
				"${PODS_ROOT}/Target Support Files/Pods-DeckWord-DeckWordTests/Pods-DeckWord-DeckWordTests-resources-${CONFIGURATION}-input-files.xcfilelist",
			);
			name = "[CP] Copy Pods Resources";
			outputFileListPaths = (
				"${PODS_ROOT}/Target Support Files/Pods-DeckWord-DeckWordTests/Pods-DeckWord-DeckWordTests-resources-${CONFIGURATION}-output-files.xcfilelist",
			);
			runOnlyForDeploymentPostprocessing = 0;
			shellPath = /bin/sh;
			shellScript = "\"${PODS_ROOT}/Target Support Files/Pods-DeckWord-DeckWordTests/Pods-DeckWord-DeckWordTests-resources.sh\"\n";
			showEnvVarsInLog = 0;
		};
		B68439B79C72A7A367813EAB /* [CP] Check Pods Manifest.lock */ = {
			isa = PBXShellScriptBuildPhase;
			buildActionMask = 2147483647;
			files = (
			);
			inputFileListPaths = (
			);
			inputPaths = (
				"${PODS_PODFILE_DIR_PATH}/Podfile.lock",
				"${PODS_ROOT}/Manifest.lock",
			);
			name = "[CP] Check Pods Manifest.lock";
			outputFileListPaths = (
			);
			outputPaths = (
				"$(DERIVED_FILE_DIR)/Pods-DeckWord-checkManifestLockResult.txt",
			);
			runOnlyForDeploymentPostprocessing = 0;
			shellPath = /bin/sh;
			shellScript = "diff \"${PODS_PODFILE_DIR_PATH}/Podfile.lock\" \"${PODS_ROOT}/Manifest.lock\" > /dev/null\nif [ $? != 0 ] ; then\n    # print error to STDERR\n    echo \"error: The sandbox is not in sync with the Podfile.lock. Run 'pod install' or update your CocoaPods installation.\" >&2\n    exit 1\nfi\n# This output is used by Xcode 'outputs' to avoid re-running this script phase.\necho \"SUCCESS\" > \"${SCRIPT_OUTPUT_FILE_0}\"\n";
			showEnvVarsInLog = 0;
		};
		CD0B98A522B2A1FBCBD7AD84 /* [CP] Embed Pods Frameworks */ = {
			isa = PBXShellScriptBuildPhase;
			buildActionMask = 2147483647;
			files = (
			);
			inputFileListPaths = (
				"${PODS_ROOT}/Target Support Files/Pods-DeckWord-DeckWordTests/Pods-DeckWord-DeckWordTests-frameworks-${CONFIGURATION}-input-files.xcfilelist",
			);
			name = "[CP] Embed Pods Frameworks";
			outputFileListPaths = (
				"${PODS_ROOT}/Target Support Files/Pods-DeckWord-DeckWordTests/Pods-DeckWord-DeckWordTests-frameworks-${CONFIGURATION}-output-files.xcfilelist",
			);
			runOnlyForDeploymentPostprocessing = 0;
			shellPath = /bin/sh;
			shellScript = "\"${PODS_ROOT}/Target Support Files/Pods-DeckWord-DeckWordTests/Pods-DeckWord-DeckWordTests-frameworks.sh\"\n";
			showEnvVarsInLog = 0;
		};
		F3574409BC2C46AE26637C0C /* [CP] Embed Pods Frameworks */ = {
			isa = PBXShellScriptBuildPhase;
			buildActionMask = 2147483647;
			files = (
			);
			inputFileListPaths = (
				"${PODS_ROOT}/Target Support Files/Pods-DeckWord/Pods-DeckWord-frameworks-${CONFIGURATION}-input-files.xcfilelist",
			);
			name = "[CP] Embed Pods Frameworks";
			outputFileListPaths = (
				"${PODS_ROOT}/Target Support Files/Pods-DeckWord/Pods-DeckWord-frameworks-${CONFIGURATION}-output-files.xcfilelist",
			);
			runOnlyForDeploymentPostprocessing = 0;
			shellPath = /bin/sh;
			shellScript = "\"${PODS_ROOT}/Target Support Files/Pods-DeckWord/Pods-DeckWord-frameworks.sh\"\n";
			showEnvVarsInLog = 0;
		};
		FD10A7F022414F080027D42C /* Start Packager */ = {
			isa = PBXShellScriptBuildPhase;
			buildActionMask = 2147483647;
			files = (
			);
			inputFileListPaths = (
			);
			inputPaths = (
			);
			name = "Start Packager";
			outputFileListPaths = (
			);
			outputPaths = (
			);
			runOnlyForDeploymentPostprocessing = 0;
			shellPath = /bin/sh;
			shellScript = "export RCT_METRO_PORT=\"${RCT_METRO_PORT:=8081}\"\necho \"export RCT_METRO_PORT=${RCT_METRO_PORT}\" > \"${SRCROOT}/../node_modules/react-native/scripts/.packager.env\"\nif [ -z \"${RCT_NO_LAUNCH_PACKAGER+xxx}\" ] ; then\n  if nc -w 5 -z localhost ${RCT_METRO_PORT} ; then\n    if ! curl -s \"http://localhost:${RCT_METRO_PORT}/status\" | grep -q \"packager-status:running\" ; then\n      echo \"Port ${RCT_METRO_PORT} already in use, packager is either not running or not running correctly\"\n      exit 2\n    fi\n  else\n    open \"$SRCROOT/../node_modules/react-native/scripts/launchPackager.command\" || echo \"Can't start packager automatically\"\n  fi\nfi\n";
			showEnvVarsInLog = 0;
		};
/* End PBXShellScriptBuildPhase section */

/* Begin PBXSourcesBuildPhase section */
		00E356EA1AD99517003FC87E /* Sources */ = {
			isa = PBXSourcesBuildPhase;
			buildActionMask = 2147483647;
			files = (
				00E356F31AD99517003FC87E /* DeckWordTests.m in Sources */,
			);
			runOnlyForDeploymentPostprocessing = 0;
		};
		13B07F871A680F5B00A75B9A /* Sources */ = {
			isa = PBXSourcesBuildPhase;
			buildActionMask = 2147483647;
			files = (
				13B07FBC1A68108700A75B9A /* AppDelegate.m in Sources */,
				13B07FC11A68108700A75B9A /* main.m in Sources */,
			);
			runOnlyForDeploymentPostprocessing = 0;
		};
/* End PBXSourcesBuildPhase section */

/* Begin PBXTargetDependency section */
		00E356F51AD99517003FC87E /* PBXTargetDependency */ = {
			isa = PBXTargetDependency;
			target = 13B07F861A680F5B00A75B9A /* DeckWord */;
			targetProxy = 00E356F41AD99517003FC87E /* PBXContainerItemProxy */;
		};
/* End PBXTargetDependency section */

/* Begin XCBuildConfiguration section */
		00E356F61AD99517003FC87E /* Debug */ = {
			isa = XCBuildConfiguration;
			baseConfigurationReference = C6B955E4987E70AADC80A7D6 /* Pods-DeckWord-DeckWordTests.debug.xcconfig */;
			buildSettings = {
				BUNDLE_LOADER = "$(TEST_HOST)";
				GCC_PREPROCESSOR_DEFINITIONS = (
					"DEBUG=1",
					"$(inherited)",
				);
				INFOPLIST_FILE = DeckWordTests/Info.plist;
				IPHONEOS_DEPLOYMENT_TARGET = 10.0;
				LD_RUNPATH_SEARCH_PATHS = (
					"$(inherited)",
					"@executable_path/Frameworks",
					"@loader_path/Frameworks",
				);
				OTHER_LDFLAGS = (
					"-ObjC",
					"-lc++",
					"$(inherited)",
				);
				PRODUCT_BUNDLE_IDENTIFIER = "org.reactjs.native.example.$(PRODUCT_NAME:rfc1034identifier)";
				PRODUCT_NAME = "$(TARGET_NAME)";
				TEST_HOST = "$(BUILT_PRODUCTS_DIR)/DeckWord.app/DeckWord";
			};
			name = Debug;
		};
		00E356F71AD99517003FC87E /* Release */ = {
			isa = XCBuildConfiguration;
			baseConfigurationReference = E9E9355A1C4A00D99BD629CB /* Pods-DeckWord-DeckWordTests.release.xcconfig */;
			buildSettings = {
				BUNDLE_LOADER = "$(TEST_HOST)";
				COPY_PHASE_STRIP = NO;
				INFOPLIST_FILE = DeckWordTests/Info.plist;
				IPHONEOS_DEPLOYMENT_TARGET = 10.0;
				LD_RUNPATH_SEARCH_PATHS = (
					"$(inherited)",
					"@executable_path/Frameworks",
					"@loader_path/Frameworks",
				);
				OTHER_LDFLAGS = (
					"-ObjC",
					"-lc++",
					"$(inherited)",
				);
				PRODUCT_BUNDLE_IDENTIFIER = "org.reactjs.native.example.$(PRODUCT_NAME:rfc1034identifier)";
				PRODUCT_NAME = "$(TARGET_NAME)";
				TEST_HOST = "$(BUILT_PRODUCTS_DIR)/DeckWord.app/DeckWord";
			};
			name = Release;
		};
		13B07F941A680F5B00A75B9A /* Debug */ = {
			isa = XCBuildConfiguration;
			baseConfigurationReference = 5B859AAFBC5709131A52C2DF /* Pods-DeckWord.debug.xcconfig */;
			buildSettings = {
				ASSETCATALOG_COMPILER_APPICON_NAME = AppIcon;
				CLANG_ENABLE_MODULES = YES;
				CURRENT_PROJECT_VERSION = 1;
				ENABLE_BITCODE = NO;
				INFOPLIST_FILE = DeckWord/Info.plist;
				LD_RUNPATH_SEARCH_PATHS = (
					"$(inherited)",
					"@executable_path/Frameworks",
				);
				OTHER_LDFLAGS = (
					"$(inherited)",
					"-ObjC",
					"-lc++",
				);
				PRODUCT_BUNDLE_IDENTIFIER = "org.reactjs.native.example.$(PRODUCT_NAME:rfc1034identifier)";
				PRODUCT_NAME = DeckWord;
				SWIFT_OPTIMIZATION_LEVEL = "-Onone";
				SWIFT_VERSION = 5.0;
				VERSIONING_SYSTEM = "apple-generic";
			};
			name = Debug;
		};
		13B07F951A680F5B00A75B9A /* Release */ = {
			isa = XCBuildConfiguration;
			baseConfigurationReference = BC773EE98A50F87246B0D807 /* Pods-DeckWord.release.xcconfig */;
			buildSettings = {
				ASSETCATALOG_COMPILER_APPICON_NAME = AppIcon;
				CLANG_ENABLE_MODULES = YES;
				CURRENT_PROJECT_VERSION = 1;
				INFOPLIST_FILE = DeckWord/Info.plist;
				LD_RUNPATH_SEARCH_PATHS = (
					"$(inherited)",
					"@executable_path/Frameworks",
				);
				OTHER_LDFLAGS = (
					"$(inherited)",
					"-ObjC",
					"-lc++",
				);
				PRODUCT_BUNDLE_IDENTIFIER = "org.reactjs.native.example.$(PRODUCT_NAME:rfc1034identifier)";
				PRODUCT_NAME = DeckWord;
				SWIFT_VERSION = 5.0;
				VERSIONING_SYSTEM = "apple-generic";
			};
			name = Release;
		};
		83CBBA201A601CBA00E9B192 /* Debug */ = {
			isa = XCBuildConfiguration;
			buildSettings = {
				ALWAYS_SEARCH_USER_PATHS = NO;
				CLANG_ANALYZER_LOCALIZABILITY_NONLOCALIZED = YES;
				CLANG_CXX_LANGUAGE_STANDARD = "gnu++0x";
				CLANG_CXX_LIBRARY = "libc++";
				CLANG_ENABLE_MODULES = YES;
				CLANG_ENABLE_OBJC_ARC = YES;
				CLANG_WARN_BLOCK_CAPTURE_AUTORELEASING = YES;
				CLANG_WARN_BOOL_CONVERSION = YES;
				CLANG_WARN_COMMA = YES;
				CLANG_WARN_CONSTANT_CONVERSION = YES;
				CLANG_WARN_DEPRECATED_OBJC_IMPLEMENTATIONS = YES;
				CLANG_WARN_DIRECT_OBJC_ISA_USAGE = YES_ERROR;
				CLANG_WARN_EMPTY_BODY = YES;
				CLANG_WARN_ENUM_CONVERSION = YES;
				CLANG_WARN_INFINITE_RECURSION = YES;
				CLANG_WARN_INT_CONVERSION = YES;
				CLANG_WARN_NON_LITERAL_NULL_CONVERSION = YES;
				CLANG_WARN_OBJC_IMPLICIT_RETAIN_SELF = YES;
				CLANG_WARN_OBJC_LITERAL_CONVERSION = YES;
				CLANG_WARN_OBJC_ROOT_CLASS = YES_ERROR;
				CLANG_WARN_QUOTED_INCLUDE_IN_FRAMEWORK_HEADER = YES;
				CLANG_WARN_RANGE_LOOP_ANALYSIS = YES;
				CLANG_WARN_STRICT_PROTOTYPES = YES;
				CLANG_WARN_SUSPICIOUS_MOVE = YES;
				CLANG_WARN_UNREACHABLE_CODE = YES;
				CLANG_WARN__DUPLICATE_METHOD_MATCH = YES;
				"CODE_SIGN_IDENTITY[sdk=iphoneos*]" = "iPhone Developer";
				COPY_PHASE_STRIP = NO;
				ENABLE_STRICT_OBJC_MSGSEND = YES;
				ENABLE_TESTABILITY = YES;
				"EXCLUDED_ARCHS[sdk=iphonesimulator*]" = "arm64 ";
				GCC_C_LANGUAGE_STANDARD = gnu99;
				GCC_DYNAMIC_NO_PIC = NO;
				GCC_NO_COMMON_BLOCKS = YES;
				GCC_OPTIMIZATION_LEVEL = 0;
				GCC_PREPROCESSOR_DEFINITIONS = (
					"DEBUG=1",
					"$(inherited)",
				);
				GCC_SYMBOLS_PRIVATE_EXTERN = NO;
				GCC_WARN_64_TO_32_BIT_CONVERSION = YES;
				GCC_WARN_ABOUT_RETURN_TYPE = YES_ERROR;
				GCC_WARN_UNDECLARED_SELECTOR = YES;
				GCC_WARN_UNINITIALIZED_AUTOS = YES_AGGRESSIVE;
				GCC_WARN_UNUSED_FUNCTION = YES;
				GCC_WARN_UNUSED_VARIABLE = YES;
				IPHONEOS_DEPLOYMENT_TARGET = 10.0;
				LD_RUNPATH_SEARCH_PATHS = (
					/usr/lib/swift,
					"$(inherited)",
				);
				LIBRARY_SEARCH_PATHS = (
					"\"$(TOOLCHAIN_DIR)/usr/lib/swift/$(PLATFORM_NAME)\"",
					"\"$(TOOLCHAIN_DIR)/usr/lib/swift-5.0/$(PLATFORM_NAME)\"",
					"\"$(inherited)\"",
				);
				MTL_ENABLE_DEBUG_INFO = YES;
				ONLY_ACTIVE_ARCH = YES;
				SDKROOT = iphoneos;
			};
			name = Debug;
		};
		83CBBA211A601CBA00E9B192 /* Release */ = {
			isa = XCBuildConfiguration;
			buildSettings = {
				ALWAYS_SEARCH_USER_PATHS = NO;
				CLANG_ANALYZER_LOCALIZABILITY_NONLOCALIZED = YES;
				CLANG_CXX_LANGUAGE_STANDARD = "gnu++0x";
				CLANG_CXX_LIBRARY = "libc++";
				CLANG_ENABLE_MODULES = YES;
				CLANG_ENABLE_OBJC_ARC = YES;
				CLANG_WARN_BLOCK_CAPTURE_AUTORELEASING = YES;
				CLANG_WARN_BOOL_CONVERSION = YES;
				CLANG_WARN_COMMA = YES;
				CLANG_WARN_CONSTANT_CONVERSION = YES;
				CLANG_WARN_DEPRECATED_OBJC_IMPLEMENTATIONS = YES;
				CLANG_WARN_DIRECT_OBJC_ISA_USAGE = YES_ERROR;
				CLANG_WARN_EMPTY_BODY = YES;
				CLANG_WARN_ENUM_CONVERSION = YES;
				CLANG_WARN_INFINITE_RECURSION = YES;
				CLANG_WARN_INT_CONVERSION = YES;
				CLANG_WARN_NON_LITERAL_NULL_CONVERSION = YES;
				CLANG_WARN_OBJC_IMPLICIT_RETAIN_SELF = YES;
				CLANG_WARN_OBJC_LITERAL_CONVERSION = YES;
				CLANG_WARN_OBJC_ROOT_CLASS = YES_ERROR;
				CLANG_WARN_QUOTED_INCLUDE_IN_FRAMEWORK_HEADER = YES;
				CLANG_WARN_RANGE_LOOP_ANALYSIS = YES;
				CLANG_WARN_STRICT_PROTOTYPES = YES;
				CLANG_WARN_SUSPICIOUS_MOVE = YES;
				CLANG_WARN_UNREACHABLE_CODE = YES;
				CLANG_WARN__DUPLICATE_METHOD_MATCH = YES;
				"CODE_SIGN_IDENTITY[sdk=iphoneos*]" = "iPhone Developer";
				COPY_PHASE_STRIP = YES;
				ENABLE_NS_ASSERTIONS = NO;
				ENABLE_STRICT_OBJC_MSGSEND = YES;
				"EXCLUDED_ARCHS[sdk=iphonesimulator*]" = "arm64 ";
				GCC_C_LANGUAGE_STANDARD = gnu99;
				GCC_NO_COMMON_BLOCKS = YES;
				GCC_WARN_64_TO_32_BIT_CONVERSION = YES;
				GCC_WARN_ABOUT_RETURN_TYPE = YES_ERROR;
				GCC_WARN_UNDECLARED_SELECTOR = YES;
				GCC_WARN_UNINITIALIZED_AUTOS = YES_AGGRESSIVE;
				GCC_WARN_UNUSED_FUNCTION = YES;
				GCC_WARN_UNUSED_VARIABLE = YES;
				IPHONEOS_DEPLOYMENT_TARGET = 10.0;
				LD_RUNPATH_SEARCH_PATHS = (
					/usr/lib/swift,
					"$(inherited)",
				);
				LIBRARY_SEARCH_PATHS = (
					"\"$(TOOLCHAIN_DIR)/usr/lib/swift/$(PLATFORM_NAME)\"",
					"\"$(TOOLCHAIN_DIR)/usr/lib/swift-5.0/$(PLATFORM_NAME)\"",
					"\"$(inherited)\"",
				);
				MTL_ENABLE_DEBUG_INFO = NO;
				SDKROOT = iphoneos;
				VALIDATE_PRODUCT = YES;
			};
			name = Release;
		};
/* End XCBuildConfiguration section */

/* Begin XCConfigurationList section */
		00E357021AD99517003FC87E /* Build configuration list for PBXNativeTarget "DeckWordTests" */ = {
			isa = XCConfigurationList;
			buildConfigurations = (
				00E356F61AD99517003FC87E /* Debug */,
				00E356F71AD99517003FC87E /* Release */,
			);
			defaultConfigurationIsVisible = 0;
			defaultConfigurationName = Release;
		};
		13B07F931A680F5B00A75B9A /* Build configuration list for PBXNativeTarget "DeckWord" */ = {
			isa = XCConfigurationList;
			buildConfigurations = (
				13B07F941A680F5B00A75B9A /* Debug */,
				13B07F951A680F5B00A75B9A /* Release */,
			);
			defaultConfigurationIsVisible = 0;
			defaultConfigurationName = Release;
		};
		83CBB9FA1A601CBA00E9B192 /* Build configuration list for PBXProject "DeckWord" */ = {
			isa = XCConfigurationList;
			buildConfigurations = (
				83CBBA201A601CBA00E9B192 /* Debug */,
				83CBBA211A601CBA00E9B192 /* Release */,
			);
			defaultConfigurationIsVisible = 0;
			defaultConfigurationName = Release;
		};
/* End XCConfigurationList section */
	};
	rootObject = 83CBB9F71A601CBA00E9B192 /* Project object */;
}
